// !$*UTF8*$!
{
	archiveVersion = 1;
	classes = {
	};
	objectVersion = 46;
	objects = {

/* Begin PBXBuildFile section */
		AC38584E1ED4CAD80049D331 /* transacaoCelula.swift in Sources */ = {isa = PBXBuildFile; fileRef = AC38584D1ED4CAD80049D331 /* transacaoCelula.swift */; };
		AC38768B1EDA0FD700B55CDB /* DetalheViewController.swift in Sources */ = {isa = PBXBuildFile; fileRef = AC38768A1EDA0FD700B55CDB /* DetalheViewController.swift */; };
		AC56BDCF1F01A56600FF7610 /* SafModel.xcdatamodeld in Sources */ = {isa = PBXBuildFile; fileRef = AC56BDCD1F01A56600FF7610 /* SafModel.xcdatamodeld */; };
		AC56BDD11F01AA6100FF7610 /* CoreDataSaf.swift in Sources */ = {isa = PBXBuildFile; fileRef = AC56BDD01F01AA6000FF7610 /* CoreDataSaf.swift */; };
		AC668D171ED4B2E100038EB6 /* AppDelegate.swift in Sources */ = {isa = PBXBuildFile; fileRef = AC668D161ED4B2E100038EB6 /* AppDelegate.swift */; };
		AC668D191ED4B2E200038EB6 /* ViewController.swift in Sources */ = {isa = PBXBuildFile; fileRef = AC668D181ED4B2E200038EB6 /* ViewController.swift */; };
		AC668D1C1ED4B2E200038EB6 /* Main.storyboard in Resources */ = {isa = PBXBuildFile; fileRef = AC668D1A1ED4B2E200038EB6 /* Main.storyboard */; };
		AC668D1E1ED4B2E200038EB6 /* Assets.xcassets in Resources */ = {isa = PBXBuildFile; fileRef = AC668D1D1ED4B2E200038EB6 /* Assets.xcassets */; };
		AC668D211ED4B2E200038EB6 /* LaunchScreen.storyboard in Resources */ = {isa = PBXBuildFile; fileRef = AC668D1F1ED4B2E200038EB6 /* LaunchScreen.storyboard */; };
		AC668D291ED4B40600038EB6 /* contaCelula.swift in Sources */ = {isa = PBXBuildFile; fileRef = AC668D281ED4B40600038EB6 /* contaCelula.swift */; };
		AC668D2B1ED4B68900038EB6 /* Conta.swift in Sources */ = {isa = PBXBuildFile; fileRef = AC668D2A1ED4B68900038EB6 /* Conta.swift */; };
		AC668D2D1ED4C1E900038EB6 /* TransacoesViewControler.swift in Sources */ = {isa = PBXBuildFile; fileRef = AC668D2C1ED4C1E900038EB6 /* TransacoesViewControler.swift */; };
		AC668D2F1ED4C56C00038EB6 /* Transacao.swift in Sources */ = {isa = PBXBuildFile; fileRef = AC668D2E1ED4C56C00038EB6 /* Transacao.swift */; };
/* End PBXBuildFile section */

/* Begin PBXFileReference section */
		AC38584D1ED4CAD80049D331 /* transacaoCelula.swift */ = {isa = PBXFileReference; fileEncoding = 4; lastKnownFileType = sourcecode.swift; path = transacaoCelula.swift; sourceTree = "<group>"; };
		AC38768A1EDA0FD700B55CDB /* DetalheViewController.swift */ = {isa = PBXFileReference; fileEncoding = 4; lastKnownFileType = sourcecode.swift; path = DetalheViewController.swift; sourceTree = "<group>"; };
		AC56BDCE1F01A56600FF7610 /* SafModel.xcdatamodel */ = {isa = PBXFileReference; lastKnownFileType = wrapper.xcdatamodel; path = SafModel.xcdatamodel; sourceTree = "<group>"; };
		AC56BDD01F01AA6000FF7610 /* CoreDataSaf.swift */ = {isa = PBXFileReference; fileEncoding = 4; lastKnownFileType = sourcecode.swift; path = CoreDataSaf.swift; sourceTree = "<group>"; };
		AC668D131ED4B2E100038EB6 /* Saf.app */ = {isa = PBXFileReference; explicitFileType = wrapper.application; includeInIndex = 0; path = Saf.app; sourceTree = BUILT_PRODUCTS_DIR; };
		AC668D161ED4B2E100038EB6 /* AppDelegate.swift */ = {isa = PBXFileReference; lastKnownFileType = sourcecode.swift; path = AppDelegate.swift; sourceTree = "<group>"; };
		AC668D181ED4B2E200038EB6 /* ViewController.swift */ = {isa = PBXFileReference; lastKnownFileType = sourcecode.swift; path = ViewController.swift; sourceTree = "<group>"; };
		AC668D1B1ED4B2E200038EB6 /* Base */ = {isa = PBXFileReference; lastKnownFileType = file.storyboard; name = Base; path = Base.lproj/Main.storyboard; sourceTree = "<group>"; };
		AC668D1D1ED4B2E200038EB6 /* Assets.xcassets */ = {isa = PBXFileReference; lastKnownFileType = folder.assetcatalog; path = Assets.xcassets; sourceTree = "<group>"; };
		AC668D201ED4B2E200038EB6 /* Base */ = {isa = PBXFileReference; lastKnownFileType = file.storyboard; name = Base; path = Base.lproj/LaunchScreen.storyboard; sourceTree = "<group>"; };
		AC668D221ED4B2E200038EB6 /* Info.plist */ = {isa = PBXFileReference; lastKnownFileType = text.plist.xml; path = Info.plist; sourceTree = "<group>"; };
		AC668D281ED4B40600038EB6 /* contaCelula.swift */ = {isa = PBXFileReference; fileEncoding = 4; lastKnownFileType = sourcecode.swift; path = contaCelula.swift; sourceTree = "<group>"; };
		AC668D2A1ED4B68900038EB6 /* Conta.swift */ = {isa = PBXFileReference; fileEncoding = 4; lastKnownFileType = sourcecode.swift; path = Conta.swift; sourceTree = "<group>"; };
		AC668D2C1ED4C1E900038EB6 /* TransacoesViewControler.swift */ = {isa = PBXFileReference; fileEncoding = 4; lastKnownFileType = sourcecode.swift; path = TransacoesViewControler.swift; sourceTree = "<group>"; };
		AC668D2E1ED4C56C00038EB6 /* Transacao.swift */ = {isa = PBXFileReference; fileEncoding = 4; lastKnownFileType = sourcecode.swift; path = Transacao.swift; sourceTree = "<group>"; };
/* End PBXFileReference section */

/* Begin PBXFrameworksBuildPhase section */
		AC668D101ED4B2E100038EB6 /* Frameworks */ = {
			isa = PBXFrameworksBuildPhase;
			buildActionMask = 2147483647;
			files = (
			);
			runOnlyForDeploymentPostprocessing = 0;
		};
/* End PBXFrameworksBuildPhase section */

/* Begin PBXGroup section */
		AC668D0A1ED4B2E100038EB6 = {
			isa = PBXGroup;
			children = (
				AC668D151ED4B2E100038EB6 /* Saf */,
				AC668D141ED4B2E100038EB6 /* Products */,
			);
			sourceTree = "<group>";
		};
		AC668D141ED4B2E100038EB6 /* Products */ = {
			isa = PBXGroup;
			children = (
				AC668D131ED4B2E100038EB6 /* Saf.app */,
			);
			name = Products;
			sourceTree = "<group>";
		};
		AC668D151ED4B2E100038EB6 /* Saf */ = {
			isa = PBXGroup;
			children = (
				AC668D161ED4B2E100038EB6 /* AppDelegate.swift */,
				AC668D181ED4B2E200038EB6 /* ViewController.swift */,
				AC56BDD01F01AA6000FF7610 /* CoreDataSaf.swift */,
				AC668D2C1ED4C1E900038EB6 /* TransacoesViewControler.swift */,
				AC38768A1EDA0FD700B55CDB /* DetalheViewController.swift */,
				AC38584D1ED4CAD80049D331 /* transacaoCelula.swift */,
				AC668D281ED4B40600038EB6 /* contaCelula.swift */,
				AC668D2A1ED4B68900038EB6 /* Conta.swift */,
				AC668D2E1ED4C56C00038EB6 /* Transacao.swift */,
				AC668D1A1ED4B2E200038EB6 /* Main.storyboard */,
				AC668D1D1ED4B2E200038EB6 /* Assets.xcassets */,
				AC668D1F1ED4B2E200038EB6 /* LaunchScreen.storyboard */,
				AC668D221ED4B2E200038EB6 /* Info.plist */,
				AC56BDCD1F01A56600FF7610 /* SafModel.xcdatamodeld */,
			);
			path = Saf;
			sourceTree = "<group>";
		};
/* End PBXGroup section */

/* Begin PBXNativeTarget section */
		AC668D121ED4B2E100038EB6 /* Saf */ = {
			isa = PBXNativeTarget;
			buildConfigurationList = AC668D251ED4B2E200038EB6 /* Build configuration list for PBXNativeTarget "Saf" */;
			buildPhases = (
				AC668D0F1ED4B2E100038EB6 /* Sources */,
				AC668D101ED4B2E100038EB6 /* Frameworks */,
				AC668D111ED4B2E100038EB6 /* Resources */,
			);
			buildRules = (
			);
			dependencies = (
			);
			name = Saf;
			productName = Saf;
			productReference = AC668D131ED4B2E100038EB6 /* Saf.app */;
			productType = "com.apple.product-type.application";
		};
/* End PBXNativeTarget section */

/* Begin PBXProject section */
		AC668D0B1ED4B2E100038EB6 /* Project object */ = {
			isa = PBXProject;
			attributes = {
				LastSwiftUpdateCheck = 0830;
				LastUpgradeCheck = 0830;
				ORGANIZATIONNAME = "Mario Cesar Netto da Silva";
				TargetAttributes = {
					AC668D121ED4B2E100038EB6 = {
						CreatedOnToolsVersion = 8.3.2;
						DevelopmentTeam = 447ZCB62S5;
						ProvisioningStyle = Automatic;
					};
				};
			};
			buildConfigurationList = AC668D0E1ED4B2E100038EB6 /* Build configuration list for PBXProject "Saf" */;
			compatibilityVersion = "Xcode 3.2";
			developmentRegion = English;
			hasScannedForEncodings = 0;
			knownRegions = (
				en,
				Base,
			);
			mainGroup = AC668D0A1ED4B2E100038EB6;
			productRefGroup = AC668D141ED4B2E100038EB6 /* Products */;
			projectDirPath = "";
			projectRoot = "";
			targets = (
				AC668D121ED4B2E100038EB6 /* Saf */,
			);
		};
/* End PBXProject section */

/* Begin PBXResourcesBuildPhase section */
		AC668D111ED4B2E100038EB6 /* Resources */ = {
			isa = PBXResourcesBuildPhase;
			buildActionMask = 2147483647;
			files = (
				AC668D211ED4B2E200038EB6 /* LaunchScreen.storyboard in Resources */,
				AC668D1E1ED4B2E200038EB6 /* Assets.xcassets in Resources */,
				AC668D1C1ED4B2E200038EB6 /* Main.storyboard in Resources */,
			);
			runOnlyForDeploymentPostprocessing = 0;
		};
/* End PBXResourcesBuildPhase section */

/* Begin PBXSourcesBuildPhase section */
		AC668D0F1ED4B2E100038EB6 /* Sources */ = {
			isa = PBXSourcesBuildPhase;
			buildActionMask = 2147483647;
			files = (
				AC668D191ED4B2E200038EB6 /* ViewController.swift in Sources */,
				AC668D171ED4B2E100038EB6 /* AppDelegate.swift in Sources */,
				AC668D2F1ED4C56C00038EB6 /* Transacao.swift in Sources */,
				AC668D291ED4B40600038EB6 /* contaCelula.swift in Sources */,
				AC38768B1EDA0FD700B55CDB /* DetalheViewController.swift in Sources */,
				AC56BDD11F01AA6100FF7610 /* CoreDataSaf.swift in Sources */,
				AC668D2B1ED4B68900038EB6 /* Conta.swift in Sources */,
				AC668D2D1ED4C1E900038EB6 /* TransacoesViewControler.swift in Sources */,
				AC56BDCF1F01A56600FF7610 /* SafModel.xcdatamodeld in Sources */,
				AC38584E1ED4CAD80049D331 /* transacaoCelula.swift in Sources */,
			);
			runOnlyForDeploymentPostprocessing = 0;
		};
/* End PBXSourcesBuildPhase section */

/* Begin PBXVariantGroup section */
		AC668D1A1ED4B2E200038EB6 /* Main.storyboard */ = {
			isa = PBXVariantGroup;
			children = (
				AC668D1B1ED4B2E200038EB6 /* Base */,
			);
			name = Main.storyboard;
			sourceTree = "<group>";
		};
		AC668D1F1ED4B2E200038EB6 /* LaunchScreen.storyboard */ = {
			isa = PBXVariantGroup;
			children = (
				AC668D201ED4B2E200038EB6 /* Base */,
			);
			name = LaunchScreen.storyboard;
			sourceTree = "<group>";
		};
/* End PBXVariantGroup section */

/* Begin XCBuildConfiguration section */
		AC668D231ED4B2E200038EB6 /* Debug */ = {
			isa = XCBuildConfiguration;
			buildSettings = {
				ALWAYS_SEARCH_USER_PATHS = NO;
				CLANG_ANALYZER_NONNULL = YES;
				CLANG_ANALYZER_NUMBER_OBJECT_CONVERSION = YES_AGGRESSIVE;
				CLANG_CXX_LANGUAGE_STANDARD = "gnu++0x";
				CLANG_CXX_LIBRARY = "libc++";
				CLANG_ENABLE_MODULES = YES;
				CLANG_ENABLE_OBJC_ARC = YES;
				CLANG_WARN_BOOL_CONVERSION = YES;
				CLANG_WARN_CONSTANT_CONVERSION = YES;
				CLANG_WARN_DIRECT_OBJC_ISA_USAGE = YES_ERROR;
				CLANG_WARN_DOCUMENTATION_COMMENTS = YES;
				CLANG_WARN_EMPTY_BODY = YES;
				CLANG_WARN_ENUM_CONVERSION = YES;
				CLANG_WARN_INFINITE_RECURSION = YES;
				CLANG_WARN_INT_CONVERSION = YES;
				CLANG_WARN_OBJC_ROOT_CLASS = YES_ERROR;
				CLANG_WARN_SUSPICIOUS_MOVE = YES;
				CLANG_WARN_UNREACHABLE_CODE = YES;
				CLANG_WARN__DUPLICATE_METHOD_MATCH = YES;
				"CODE_SIGN_IDENTITY[sdk=iphoneos*]" = "iPhone Developer";
				COPY_PHASE_STRIP = NO;
				DEBUG_INFORMATION_FORMAT = dwarf;
				ENABLE_STRICT_OBJC_MSGSEND = YES;
				ENABLE_TESTABILITY = YES;
				GCC_C_LANGUAGE_STANDARD = gnu99;
				GCC_DYNAMIC_NO_PIC = NO;
				GCC_NO_COMMON_BLOCKS = YES;
				GCC_OPTIMIZATION_LEVEL = 0;
				GCC_PREPROCESSOR_DEFINITIONS = (
					"DEBUG=1",
					"$(inherited)",
				);
				GCC_WARN_64_TO_32_BIT_CONVERSION = YES;
				GCC_WARN_ABOUT_RETURN_TYPE = YES_ERROR;
				GCC_WARN_UNDECLARED_SELECTOR = YES;
				GCC_WARN_UNINITIALIZED_AUTOS = YES_AGGRESSIVE;
				GCC_WARN_UNUSED_FUNCTION = YES;
				GCC_WARN_UNUSED_VARIABLE = YES;
				IPHONEOS_DEPLOYMENT_TARGET = 10.3;
				MTL_ENABLE_DEBUG_INFO = YES;
				ONLY_ACTIVE_ARCH = YES;
				SDKROOT = iphoneos;
				SWIFT_ACTIVE_COMPILATION_CONDITIONS = DEBUG;
				SWIFT_OPTIMIZATION_LEVEL = "-Onone";
			};
			name = Debug;
		};
		AC668D241ED4B2E200038EB6 /* Release */ = {
			isa = XCBuildConfiguration;
			buildSettings = {
				ALWAYS_SEARCH_USER_PATHS = NO;
				CLANG_ANALYZER_NONNULL = YES;
				CLANG_ANALYZER_NUMBER_OBJECT_CONVERSION = YES_AGGRESSIVE;
				CLANG_CXX_LANGUAGE_STANDARD = "gnu++0x";
				CLANG_CXX_LIBRARY = "libc++";
				CLANG_ENABLE_MODULES = YES;
				CLANG_ENABLE_OBJC_ARC = YES;
				CLANG_WARN_BOOL_CONVERSION = YES;
				CLANG_WARN_CONSTANT_CONVERSION = YES;
				CLANG_WARN_DIRECT_OBJC_ISA_USAGE = YES_ERROR;
				CLANG_WARN_DOCUMENTATION_COMMENTS = YES;
				CLANG_WARN_EMPTY_BODY = YES;
				CLANG_WARN_ENUM_CONVERSION = YES;
				CLANG_WARN_INFINITE_RECURSION = YES;
				CLANG_WARN_INT_CONVERSION = YES;
				CLANG_WARN_OBJC_ROOT_CLASS = YES_ERROR;
				CLANG_WARN_SUSPICIOUS_MOVE = YES;
				CLANG_WARN_UNREACHABLE_CODE = YES;
				CLANG_WARN__DUPLICATE_METHOD_MATCH = YES;
				"CODE_SIGN_IDENTITY[sdk=iphoneos*]" = "iPhone Developer";
				COPY_PHASE_STRIP = NO;
				DEBUG_INFORMATION_FORMAT = "dwarf-with-dsym";
				ENABLE_NS_ASSERTIONS = NO;
				ENABLE_STRICT_OBJC_MSGSEND = YES;
				GCC_C_LANGUAGE_STANDARD = gnu99;
				GCC_NO_COMMON_BLOCKS = YES;
				GCC_WARN_64_TO_32_BIT_CONVERSION = YES;
				GCC_WARN_ABOUT_RETURN_TYPE = YES_ERROR;
				GCC_WARN_UNDECLARED_SELECTOR = YES;
				GCC_WARN_UNINITIALIZED_AUTOS = YES_AGGRESSIVE;
				GCC_WARN_UNUSED_FUNCTION = YES;
				GCC_WARN_UNUSED_VARIABLE = YES;
				IPHONEOS_DEPLOYMENT_TARGET = 10.3;
				MTL_ENABLE_DEBUG_INFO = NO;
				SDKROOT = iphoneos;
				SWIFT_OPTIMIZATION_LEVEL = "-Owholemodule";
				VALIDATE_PRODUCT = YES;
			};
			name = Release;
		};
		AC668D261ED4B2E200038EB6 /* Debug */ = {
			isa = XCBuildConfiguration;
			buildSettings = {
				ASSETCATALOG_COMPILER_APPICON_NAME = AppIcon;
				DEVELOPMENT_TEAM = 447ZCB62S5;
				INFOPLIST_FILE = Saf/Info.plist;
				LD_RUNPATH_SEARCH_PATHS = "$(inherited) @executable_path/Frameworks";
				PRODUCT_BUNDLE_IDENTIFIER = com.cyberattech.Saf;
				PRODUCT_NAME = "$(TARGET_NAME)";
				SWIFT_VERSION = 3.0;
			};
			name = Debug;
		};
		AC668D271ED4B2E200038EB6 /* Release */ = {
			isa = XCBuildConfiguration;
			buildSettings = {
				ASSETCATALOG_COMPILER_APPICON_NAME = AppIcon;
				DEVELOPMENT_TEAM = 447ZCB62S5;
				INFOPLIST_FILE = Saf/Info.plist;
				LD_RUNPATH_SEARCH_PATHS = "$(inherited) @executable_path/Frameworks";
				PRODUCT_BUNDLE_IDENTIFIER = com.cyberattech.Saf;
				PRODUCT_NAME = "$(TARGET_NAME)";
				SWIFT_VERSION = 3.0;
			};
			name = Release;
		};
/* End XCBuildConfiguration section */

/* Begin XCConfigurationList section */
		AC668D0E1ED4B2E100038EB6 /* Build configuration list for PBXProject "Saf" */ = {
			isa = XCConfigurationList;
			buildConfigurations = (
				AC668D231ED4B2E200038EB6 /* Debug */,
				AC668D241ED4B2E200038EB6 /* Release */,
			);
			defaultConfigurationIsVisible = 0;
			defaultConfigurationName = Release;
		};
		AC668D251ED4B2E200038EB6 /* Build configuration list for PBXNativeTarget "Saf" */ = {
			isa = XCConfigurationList;
			buildConfigurations = (
				AC668D261ED4B2E200038EB6 /* Debug */,
				AC668D271ED4B2E200038EB6 /* Release */,
			);
			defaultConfigurationIsVisible = 0;
			defaultConfigurationName = Release;
		};
/* End XCConfigurationList section */

/* Begin XCVersionGroup section */
		AC56BDCD1F01A56600FF7610 /* SafModel.xcdatamodeld */ = {
			isa = XCVersionGroup;
			children = (
				AC56BDCE1F01A56600FF7610 /* SafModel.xcdatamodel */,
			);
			currentVersion = AC56BDCE1F01A56600FF7610 /* SafModel.xcdatamodel */;
			path = SafModel.xcdatamodeld;
			sourceTree = "<group>";
			versionGroupType = wrapper.xcdatamodel;
		};
/* End XCVersionGroup section */
	};
	rootObject = AC668D0B1ED4B2E100038EB6 /* Project object */;
}
